// !$*UTF8*$!
{
	archiveVersion = 1;
	classes = {
	};
	objectVersion = 46;
	objects = {

/* Begin PBXBuildFile section */
		185A95DE1AAE1FB90009362C /* MPTitleCollectionView.m in Sources */ = {isa = PBXBuildFile; fileRef = 185A95D71AAE1FB90009362C /* MPTitleCollectionView.m */; };
		185A95DF1AAE1FB90009362C /* MPTitleCollectionViewCell.m in Sources */ = {isa = PBXBuildFile; fileRef = 185A95D91AAE1FB90009362C /* MPTitleCollectionViewCell.m */; };
		185A95E01AAE1FB90009362C /* MPTitleViewFlowLayout.m in Sources */ = {isa = PBXBuildFile; fileRef = 185A95DB1AAE1FB90009362C /* MPTitleViewFlowLayout.m */; };
		185A95E11AAE1FB90009362C /* MPPagerControl.m in Sources */ = {isa = PBXBuildFile; fileRef = 185A95DD1AAE1FB90009362C /* MPPagerControl.m */; };
		58B83548610858D42AA089B0 /* Images.xcassets in Resources */ = {isa = PBXBuildFile; fileRef = 58B836DD3A2B90B6005761D6 /* Images.xcassets */; };
		58B838C53EB8DFA26E5BE3A0 /* AppDelegate.m in Sources */ = {isa = PBXBuildFile; fileRef = 58B83BC828CDF41D497A75C3 /* AppDelegate.m */; };
		58B83AC4C443554F6D483715 /* MPPageControllerTests.m in Sources */ = {isa = PBXBuildFile; fileRef = 58B83FFC2BCF28829CA186B4 /* MPPageControllerTests.m */; };
		58B83FF414A97D0A3A63FA3B /* main.m in Sources */ = {isa = PBXBuildFile; fileRef = 58B834E4F5D86986D83DDE6D /* main.m */; };
/* End PBXBuildFile section */

/* Begin PBXContainerItemProxy section */
		58B83EB49226CAAA126C9674 /* PBXContainerItemProxy */ = {
			isa = PBXContainerItemProxy;
			containerPortal = 58B83C523DBE0EB768F7B1CE /* Project object */;
			proxyType = 1;
			remoteGlobalIDString = 58B8300819134CD130ABEC84;
			remoteInfo = MPPageController;
		};
/* End PBXContainerItemProxy section */

/* Begin PBXFileReference section */
		185A95D61AAE1FB90009362C /* MPTitleCollectionView.h */ = {isa = PBXFileReference; fileEncoding = 4; lastKnownFileType = sourcecode.c.h; path = MPTitleCollectionView.h; sourceTree = "<group>"; };
		185A95D71AAE1FB90009362C /* MPTitleCollectionView.m */ = {isa = PBXFileReference; fileEncoding = 4; lastKnownFileType = sourcecode.c.objc; path = MPTitleCollectionView.m; sourceTree = "<group>"; };
		185A95D81AAE1FB90009362C /* MPTitleCollectionViewCell.h */ = {isa = PBXFileReference; fileEncoding = 4; lastKnownFileType = sourcecode.c.h; path = MPTitleCollectionViewCell.h; sourceTree = "<group>"; };
		185A95D91AAE1FB90009362C /* MPTitleCollectionViewCell.m */ = {isa = PBXFileReference; fileEncoding = 4; lastKnownFileType = sourcecode.c.objc; path = MPTitleCollectionViewCell.m; sourceTree = "<group>"; };
		185A95DA1AAE1FB90009362C /* MPTitleViewFlowLayout.h */ = {isa = PBXFileReference; fileEncoding = 4; lastKnownFileType = sourcecode.c.h; path = MPTitleViewFlowLayout.h; sourceTree = "<group>"; };
		185A95DB1AAE1FB90009362C /* MPTitleViewFlowLayout.m */ = {isa = PBXFileReference; fileEncoding = 4; lastKnownFileType = sourcecode.c.objc; path = MPTitleViewFlowLayout.m; sourceTree = "<group>"; };
		185A95DC1AAE1FB90009362C /* MPPagerControl.h */ = {isa = PBXFileReference; fileEncoding = 4; lastKnownFileType = sourcecode.c.h; path = MPPagerControl.h; sourceTree = "<group>"; };
		185A95DD1AAE1FB90009362C /* MPPagerControl.m */ = {isa = PBXFileReference; fileEncoding = 4; lastKnownFileType = sourcecode.c.objc; path = MPPagerControl.m; sourceTree = "<group>"; };
		58B83291693B8E9B1C095956 /* MPPageController.app */ = {isa = PBXFileReference; explicitFileType = wrapper.application; includeInIndex = 0; path = MPPageController.app; sourceTree = BUILT_PRODUCTS_DIR; };
		58B83484C8D9DDFE2BC79A9F /* AppDelegate.h */ = {isa = PBXFileReference; lastKnownFileType = sourcecode.c.h; path = AppDelegate.h; sourceTree = "<group>"; };
		58B834E4F5D86986D83DDE6D /* main.m */ = {isa = PBXFileReference; lastKnownFileType = sourcecode.c.objc; path = main.m; sourceTree = "<group>"; };
		58B8351B4262B5C53D393171 /* MPPageControllerTests.xctest */ = {isa = PBXFileReference; explicitFileType = wrapper.cfbundle; includeInIndex = 0; path = MPPageControllerTests.xctest; sourceTree = BUILT_PRODUCTS_DIR; };
		58B836DD3A2B90B6005761D6 /* Images.xcassets */ = {isa = PBXFileReference; lastKnownFileType = folder.assetcatalog; path = Images.xcassets; sourceTree = "<group>"; };
		58B83BC828CDF41D497A75C3 /* AppDelegate.m */ = {isa = PBXFileReference; lastKnownFileType = sourcecode.c.objc; path = AppDelegate.m; sourceTree = "<group>"; };
		58B83C9706C3297EB2854C53 /* Info.plist */ = {isa = PBXFileReference; lastKnownFileType = text.plist.info; path = Info.plist; sourceTree = "<group>"; };
		58B83F898335EDD4475AB14B /* Info.plist */ = {isa = PBXFileReference; lastKnownFileType = text.plist.info; path = Info.plist; sourceTree = "<group>"; };
		58B83FFC2BCF28829CA186B4 /* MPPageControllerTests.m */ = {isa = PBXFileReference; lastKnownFileType = sourcecode.c.objc; path = MPPageControllerTests.m; sourceTree = "<group>"; };
/* End PBXFileReference section */

/* Begin PBXFrameworksBuildPhase section */
		58B832B116BB496ADFA391C7 /* Frameworks */ = {
			isa = PBXFrameworksBuildPhase;
			buildActionMask = 2147483647;
			files = (
			);
			runOnlyForDeploymentPostprocessing = 0;
		};
		58B83E7F63EC39715CDEF0FF /* Frameworks */ = {
			isa = PBXFrameworksBuildPhase;
			buildActionMask = 2147483647;
			files = (
			);
			runOnlyForDeploymentPostprocessing = 0;
		};
/* End PBXFrameworksBuildPhase section */

/* Begin PBXGroup section */
		185A95D41AAE1FB90009362C /* MPPagerControl */ = {
			isa = PBXGroup;
			children = (
				185A95D51AAE1FB90009362C /* MPNavigationBarTitleView */,
				185A95DC1AAE1FB90009362C /* MPPagerControl.h */,
				185A95DD1AAE1FB90009362C /* MPPagerControl.m */,
			);
			path = MPPagerControl;
			sourceTree = "<group>";
		};
		185A95D51AAE1FB90009362C /* MPNavigationBarTitleView */ = {
			isa = PBXGroup;
			children = (
				185A95D61AAE1FB90009362C /* MPTitleCollectionView.h */,
				185A95D71AAE1FB90009362C /* MPTitleCollectionView.m */,
				185A95D81AAE1FB90009362C /* MPTitleCollectionViewCell.h */,
				185A95D91AAE1FB90009362C /* MPTitleCollectionViewCell.m */,
				185A95DA1AAE1FB90009362C /* MPTitleViewFlowLayout.h */,
				185A95DB1AAE1FB90009362C /* MPTitleViewFlowLayout.m */,
			);
			path = MPNavigationBarTitleView;
			sourceTree = "<group>";
		};
		58B8336EBA1914E43650BD1C /* Supporting Files */ = {
			isa = PBXGroup;
			children = (
				58B83F898335EDD4475AB14B /* Info.plist */,
				58B834E4F5D86986D83DDE6D /* main.m */,
			);
			name = "Supporting Files";
			sourceTree = "<group>";
		};
		58B8345D74D9BAC2FDF23519 = {
			isa = PBXGroup;
			children = (
				58B83BB9A84F4C48B604E058 /* Products */,
				58B8368B1DC7E0066719C419 /* MPPageController */,
				58B838FF7739D65C59069FB5 /* MPPageControllerTests */,
			);
			sourceTree = "<group>";
		};
		58B8368B1DC7E0066719C419 /* MPPageController */ = {
			isa = PBXGroup;
			children = (
				185A95D41AAE1FB90009362C /* MPPagerControl */,
				58B8336EBA1914E43650BD1C /* Supporting Files */,
				58B836DD3A2B90B6005761D6 /* Images.xcassets */,
				58B83484C8D9DDFE2BC79A9F /* AppDelegate.h */,
				58B83BC828CDF41D497A75C3 /* AppDelegate.m */,
			);
			path = MPPageController;
			sourceTree = "<group>";
		};
		58B838FF7739D65C59069FB5 /* MPPageControllerTests */ = {
			isa = PBXGroup;
			children = (
				58B839B5410DEA5FE02D9BED /* Supporting Files */,
				58B83FFC2BCF28829CA186B4 /* MPPageControllerTests.m */,
			);
			path = MPPageControllerTests;
			sourceTree = "<group>";
		};
		58B839B5410DEA5FE02D9BED /* Supporting Files */ = {
			isa = PBXGroup;
			children = (
				58B83C9706C3297EB2854C53 /* Info.plist */,
			);
			name = "Supporting Files";
			sourceTree = "<group>";
		};
		58B83BB9A84F4C48B604E058 /* Products */ = {
			isa = PBXGroup;
			children = (
				58B83291693B8E9B1C095956 /* MPPageController.app */,
				58B8351B4262B5C53D393171 /* MPPageControllerTests.xctest */,
			);
			name = Products;
			sourceTree = "<group>";
		};
/* End PBXGroup section */

/* Begin PBXNativeTarget section */
		58B8300819134CD130ABEC84 /* MPPageController */ = {
			isa = PBXNativeTarget;
			buildConfigurationList = 58B83796282B2E7062F5574B /* Build configuration list for PBXNativeTarget "MPPageController" */;
			buildPhases = (
				58B83F0631AA528A5A49346F /* Sources */,
				58B832B116BB496ADFA391C7 /* Frameworks */,
				58B834CCF3DBABBA42C9CBDD /* Resources */,
			);
			buildRules = (
			);
			dependencies = (
			);
			name = MPPageController;
			productName = MPPageController;
			productReference = 58B83291693B8E9B1C095956 /* MPPageController.app */;
			productType = "com.apple.product-type.application";
		};
		58B83D01DE7A18AC2D46DC4C /* MPPageControllerTests */ = {
			isa = PBXNativeTarget;
			buildConfigurationList = 58B83107E0FB24EAD369D265 /* Build configuration list for PBXNativeTarget "MPPageControllerTests" */;
			buildPhases = (
				58B83375016D4A71EAA61D64 /* Sources */,
				58B83E7F63EC39715CDEF0FF /* Frameworks */,
				58B83177351597A4389126D7 /* Resources */,
			);
			buildRules = (
			);
			dependencies = (
				58B8321222AA3E913FF01128 /* PBXTargetDependency */,
			);
			name = MPPageControllerTests;
			productName = MPPageControllerTests;
			productReference = 58B8351B4262B5C53D393171 /* MPPageControllerTests.xctest */;
			productType = "com.apple.product-type.bundle.unit-test";
		};
/* End PBXNativeTarget section */

/* Begin PBXProject section */
		58B83C523DBE0EB768F7B1CE /* Project object */ = {
			isa = PBXProject;
			attributes = {
				ORGANIZATIONNAME = Michal;
			};
			buildConfigurationList = 58B830701C02823AD190183D /* Build configuration list for PBXProject "MPPageController" */;
			compatibilityVersion = "Xcode 3.2";
			developmentRegion = English;
			hasScannedForEncodings = 0;
			knownRegions = (
				en,
			);
			mainGroup = 58B8345D74D9BAC2FDF23519;
			productRefGroup = 58B83BB9A84F4C48B604E058 /* Products */;
			projectDirPath = "";
			projectRoot = "";
			targets = (
				58B8300819134CD130ABEC84 /* MPPageController */,
				58B83D01DE7A18AC2D46DC4C /* MPPageControllerTests */,
			);
		};
/* End PBXProject section */

/* Begin PBXResourcesBuildPhase section */
		58B83177351597A4389126D7 /* Resources */ = {
			isa = PBXResourcesBuildPhase;
			buildActionMask = 2147483647;
			files = (
			);
			runOnlyForDeploymentPostprocessing = 0;
		};
		58B834CCF3DBABBA42C9CBDD /* Resources */ = {
			isa = PBXResourcesBuildPhase;
			buildActionMask = 2147483647;
			files = (
				58B83548610858D42AA089B0 /* Images.xcassets in Resources */,
			);
			runOnlyForDeploymentPostprocessing = 0;
		};
/* End PBXResourcesBuildPhase section */

/* Begin PBXSourcesBuildPhase section */
		58B83375016D4A71EAA61D64 /* Sources */ = {
			isa = PBXSourcesBuildPhase;
			buildActionMask = 2147483647;
			files = (
				58B83AC4C443554F6D483715 /* MPPageControllerTests.m in Sources */,
			);
			runOnlyForDeploymentPostprocessing = 0;
		};
		58B83F0631AA528A5A49346F /* Sources */ = {
			isa = PBXSourcesBuildPhase;
			buildActionMask = 2147483647;
			files = (
				185A95DE1AAE1FB90009362C /* MPTitleCollectionView.m in Sources */,
				58B83FF414A97D0A3A63FA3B /* main.m in Sources */,
				185A95E01AAE1FB90009362C /* MPTitleViewFlowLayout.m in Sources */,
				185A95DF1AAE1FB90009362C /* MPTitleCollectionViewCell.m in Sources */,
				58B838C53EB8DFA26E5BE3A0 /* AppDelegate.m in Sources */,
				185A95E11AAE1FB90009362C /* MPPagerControl.m in Sources */,
			);
			runOnlyForDeploymentPostprocessing = 0;
		};
/* End PBXSourcesBuildPhase section */

/* Begin PBXTargetDependency section */
		58B8321222AA3E913FF01128 /* PBXTargetDependency */ = {
			isa = PBXTargetDependency;
			target = 58B8300819134CD130ABEC84 /* MPPageController */;
			targetProxy = 58B83EB49226CAAA126C9674 /* PBXContainerItemProxy */;
		};
/* End PBXTargetDependency section */

/* Begin XCBuildConfiguration section */
		58B83197B09AA4AD57B80F12 /* Release */ = {
			isa = XCBuildConfiguration;
			buildSettings = {
				ASSETCATALOG_COMPILER_APPICON_NAME = AppIcon;
				ASSETCATALOG_COMPILER_LAUNCHIMAGE_NAME = LaunchImage;
				INFOPLIST_FILE = MPPageController/Info.plist;
				LD_RUNPATH_SEARCH_PATHS = "$(inherited) @executable_path/Frameworks";
				PRODUCT_NAME = "$(TARGET_NAME)";
				TARGETED_DEVICE_FAMILY = 1;
			};
			name = Release;
		};
		58B832CB8C0494CE2CB1B324 /* Debug */ = {
			isa = XCBuildConfiguration;
			buildSettings = {
				BUNDLE_LOADER = "$(BUILT_PRODUCTS_DIR)/MPPageController.app/MPPageController";
				FRAMEWORK_SEARCH_PATHS = (
					"$(SDKROOT)/Developer/Library/Frameworks",
					"$(inherited)",
				);
				INFOPLIST_FILE = MPPageControllerTests/Info.plist;
				LD_RUNPATH_SEARCH_PATHS = "$(inherited) @executable_path/Frameworks @loader_path/Frameworks";
				PRODUCT_NAME = "$(TARGET_NAME)";
				TEST_HOST = "$(BUNDLE_LOADER)";
			};
			name = Debug;
		};
		58B837B6A072A4F56CDEC716 /* Debug */ = {
			isa = XCBuildConfiguration;
			buildSettings = {
				ALWAYS_SEARCH_USER_PATHS = NO;
				CLANG_CXX_LANGUAGE_STANDARD = "gnu++0x";
				CLANG_CXX_LIBRARY = "libc++";
				CLANG_ENABLE_MODULES = YES;
				CLANG_ENABLE_OBJC_ARC = YES;
				CLANG_WARN_BOOL_CONVERSION = YES;
				CLANG_WARN_CONSTANT_CONVERSION = YES;
				CLANG_WARN_DIRECT_OBJC_ISA_USAGE = YES_ERROR;
				CLANG_WARN_EMPTY_BODY = YES;
				CLANG_WARN_ENUM_CONVERSION = YES;
				CLANG_WARN_INT_CONVERSION = YES;
				CLANG_WARN_OBJC_ROOT_CLASS = YES_ERROR;
				CLANG_WARN_UNREACHABLE_CODE = YES;
				CLANG_WARN__DUPLICATE_METHOD_MATCH = YES;
				"CODE_SIGN_IDENTITY[sdk=iphoneos*]" = "iPhone Developer";
				COPY_PHASE_STRIP = NO;
				ENABLE_STRICT_OBJC_MSGSEND = YES;
				GCC_C_LANGUAGE_STANDARD = gnu99;
				GCC_DYNAMIC_NO_PIC = NO;
				GCC_OPTIMIZATION_LEVEL = 0;
				GCC_PREPROCESSOR_DEFINITIONS = (
					"DEBUG=1",
					"$(inherited)",
				);
				GCC_SYMBOLS_PRIVATE_EXTERN = NO;
				GCC_WARN_64_TO_32_BIT_CONVERSION = YES;
				GCC_WARN_ABOUT_RETURN_TYPE = YES_ERROR;
				GCC_WARN_UNDECLARED_SELECTOR = YES;
				GCC_WARN_UNINITIALIZED_AUTOS = YES_AGGRESSIVE;
				GCC_WARN_UNUSED_FUNCTION = YES;
				GCC_WARN_UNUSED_VARIABLE = YES;
				IPHONEOS_DEPLOYMENT_TARGET = 8.1;
				MTL_ENABLE_DEBUG_INFO = YES;
				ONLY_ACTIVE_ARCH = YES;
				SDKROOT = iphoneos;
				TARGETED_DEVICE_FAMILY = "1,2";
			};
			name = Debug;
		};
		58B83940199AE3048DDE89F2 /* Debug */ = {
			isa = XCBuildConfiguration;
			buildSettings = {
				ASSETCATALOG_COMPILER_APPICON_NAME = AppIcon;
				ASSETCATALOG_COMPILER_LAUNCHIMAGE_NAME = LaunchImage;
				INFOPLIST_FILE = MPPageController/Info.plist;
				LD_RUNPATH_SEARCH_PATHS = "$(inherited) @executable_path/Frameworks";
				PRODUCT_NAME = "$(TARGET_NAME)";
				TARGETED_DEVICE_FAMILY = 1;
			};
			name = Debug;
		};
		58B83AEE6BE8F4961BB8B0FA /* Release */ = {
			isa = XCBuildConfiguration;
			buildSettings = {
				ALWAYS_SEARCH_USER_PATHS = NO;
				CLANG_CXX_LANGUAGE_STANDARD = "gnu++0x";
				CLANG_CXX_LIBRARY = "libc++";
				CLANG_ENABLE_MODULES = YES;
				CLANG_ENABLE_OBJC_ARC = YES;
				CLANG_WARN_BOOL_CONVERSION = YES;
				CLANG_WARN_CONSTANT_CONVERSION = YES;
				CLANG_WARN_DIRECT_OBJC_ISA_USAGE = YES_ERROR;
				CLANG_WARN_EMPTY_BODY = YES;
				CLANG_WARN_ENUM_CONVERSION = YES;
				CLANG_WARN_INT_CONVERSION = YES;
				CLANG_WARN_OBJC_ROOT_CLASS = YES_ERROR;
				CLANG_WARN_UNREACHABLE_CODE = YES;
				CLANG_WARN__DUPLICATE_METHOD_MATCH = YES;
				"CODE_SIGN_IDENTITY[sdk=iphoneos*]" = "iPhone Developer";
				COPY_PHASE_STRIP = YES;
				ENABLE_NS_ASSERTIONS = NO;
				ENABLE_STRICT_OBJC_MSGSEND = YES;
				GCC_C_LANGUAGE_STANDARD = gnu99;
				GCC_WARN_64_TO_32_BIT_CONVERSION = YES;
				GCC_WARN_ABOUT_RETURN_TYPE = YES_ERROR;
				GCC_WARN_UNDECLARED_SELECTOR = YES;
				GCC_WARN_UNINITIALIZED_AUTOS = YES_AGGRESSIVE;
				GCC_WARN_UNUSED_FUNCTION = YES;
				GCC_WARN_UNUSED_VARIABLE = YES;
				IPHONEOS_DEPLOYMENT_TARGET = 8.1;
				MTL_ENABLE_DEBUG_INFO = NO;
				SDKROOT = iphoneos;
				TARGETED_DEVICE_FAMILY = "1,2";
				VALIDATE_PRODUCT = YES;
			};
			name = Release;
		};
		58B83E488EAE56EF1DD1FD46 /* Release */ = {
			isa = XCBuildConfiguration;
			buildSettings = {
				BUNDLE_LOADER = "$(BUILT_PRODUCTS_DIR)/MPPageController.app/MPPageController";
				FRAMEWORK_SEARCH_PATHS = (
					"$(SDKROOT)/Developer/Library/Frameworks",
					"$(inherited)",
				);
				INFOPLIST_FILE = MPPageControllerTests/Info.plist;
				LD_RUNPATH_SEARCH_PATHS = "$(inherited) @executable_path/Frameworks @loader_path/Frameworks";
				PRODUCT_NAME = "$(TARGET_NAME)";
				TEST_HOST = "$(BUNDLE_LOADER)";
			};
			name = Release;
		};
/* End XCBuildConfiguration section */

/* Begin XCConfigurationList section */
		58B830701C02823AD190183D /* Build configuration list for PBXProject "MPPageController" */ = {
			isa = XCConfigurationList;
			buildConfigurations = (
				58B837B6A072A4F56CDEC716 /* Debug */,
				58B83AEE6BE8F4961BB8B0FA /* Release */,
			);
			defaultConfigurationIsVisible = 0;
			defaultConfigurationName = Release;
		};
		58B83107E0FB24EAD369D265 /* Build configuration list for PBXNativeTarget "MPPageControllerTests" */ = {
			isa = XCConfigurationList;
			buildConfigurations = (
				58B832CB8C0494CE2CB1B324 /* Debug */,
				58B83E488EAE56EF1DD1FD46 /* Release */,
			);
			defaultConfigurationIsVisible = 0;
			defaultConfigurationName = Release;
		};
		58B83796282B2E7062F5574B /* Build configuration list for PBXNativeTarget "MPPageController" */ = {
			isa = XCConfigurationList;
			buildConfigurations = (
				58B83940199AE3048DDE89F2 /* Debug */,
				58B83197B09AA4AD57B80F12 /* Release */,
			);
			defaultConfigurationIsVisible = 0;
			defaultConfigurationName = Release;
		};
/* End XCConfigurationList section */
	};
	rootObject = 58B83C523DBE0EB768F7B1CE /* Project object */;
}
